
Microsoft Visual Studio Solution File, Format Version 12.00
Project("{FAE04EC0-301F-11D3-BF4B-00C04F79EFBC}") = "Task1", "Task1\Task1.csproj", "{108C3AA5-84BF-4F05-8683-2E4DD97BDCDE}"
EndProject
Project("{FAE04EC0-301F-11D3-BF4B-00C04F79EFBC}") = "Task2", "Task2\Task2.csproj", "{2CA73FA8-6D13-4C21-AA8C-0C14E84807F0}"
EndProject
Project("{FAE04EC0-301F-11D3-BF4B-00C04F79EFBC}") = "Task3", "Task3\Task3.csproj", "{37DAC4F6-4CA1-46BD-991F-58C07093A3C0}"
EndProject
Project("{FAE04EC0-301F-11D3-BF4B-00C04F79EFBC}") = "Task4", "Task4\Task4.csproj", "{075C3169-BFC2-4C4B-AC68-C92FC9775E1D}"
EndProject
Project("{FAE04EC0-301F-11D3-BF4B-00C04F79EFBC}") = "Task5", "Task5\Task5.csproj", "{2926E355-512A-4BB8-964A-7A2ECE26EF65}"
EndProject
Project("{FAE04EC0-301F-11D3-BF4B-00C04F79EFBC}") = "Task6", "Task6\Task6.csproj", "{D0C4AD5A-9BB4-4E52-BC26-ED7520441E4E}"
EndProject
Project("{FAE04EC0-301F-11D3-BF4B-00C04F79EFBC}") = "Task7", "Task7\Task7.csproj", "{3666BF11-5FFF-4225-9B07-B3D6D0193F0F}"
EndProject
Project("{FAE04EC0-301F-11D3-BF4B-00C04F79EFBC}") = "Task8", "Task8\Task8.csproj", "{5D8B22E3-8318-4D24-84B8-D3F0D5CCB0D3}"
EndProject
Project("{FAE04EC0-301F-11D3-BF4B-00C04F79EFBC}") = "Task9", "Task9\Task9.csproj", "{32683873-D687-4F29-ADBF-081206395D90}"
EndProject
Project("{FAE04EC0-301F-11D3-BF4B-00C04F79EFBC}") = "Task10", "Task10\Task10.csproj", "{935D9368-E9A8-4005-A7FD-D24D3D331C5E}"
EndProject
Project("{FAE04EC0-301F-11D3-BF4B-00C04F79EFBC}") = "Task11", "Task11\Task11.csproj", "{E69B947A-8580-4C06-A541-FDEC6C17BC45}"
EndProject
Global
	GlobalSection(SolutionConfigurationPlatforms) = preSolution
		Debug|Any CPU = Debug|Any CPU
		Release|Any CPU = Release|Any CPU
	EndGlobalSection
	GlobalSection(ProjectConfigurationPlatforms) = postSolution
		{108C3AA5-84BF-4F05-8683-2E4DD97BDCDE}.Debug|Any CPU.ActiveCfg = Debug|Any CPU
		{108C3AA5-84BF-4F05-8683-2E4DD97BDCDE}.Debug|Any CPU.Build.0 = Debug|Any CPU
		{108C3AA5-84BF-4F05-8683-2E4DD97BDCDE}.Release|Any CPU.ActiveCfg = Release|Any CPU
		{108C3AA5-84BF-4F05-8683-2E4DD97BDCDE}.Release|Any CPU.Build.0 = Release|Any CPU
		{2CA73FA8-6D13-4C21-AA8C-0C14E84807F0}.Debug|Any CPU.ActiveCfg = Debug|Any CPU
		{2CA73FA8-6D13-4C21-AA8C-0C14E84807F0}.Debug|Any CPU.Build.0 = Debug|Any CPU
		{2CA73FA8-6D13-4C21-AA8C-0C14E84807F0}.Release|Any CPU.ActiveCfg = Release|Any CPU
		{2CA73FA8-6D13-4C21-AA8C-0C14E84807F0}.Release|Any CPU.Build.0 = Release|Any CPU
		{37DAC4F6-4CA1-46BD-991F-58C07093A3C0}.Debug|Any CPU.ActiveCfg = Debug|Any CPU
		{37DAC4F6-4CA1-46BD-991F-58C07093A3C0}.Debug|Any CPU.Build.0 = Debug|Any CPU
		{37DAC4F6-4CA1-46BD-991F-58C07093A3C0}.Release|Any CPU.ActiveCfg = Release|Any CPU
		{37DAC4F6-4CA1-46BD-991F-58C07093A3C0}.Release|Any CPU.Build.0 = Release|Any CPU
		{075C3169-BFC2-4C4B-AC68-C92FC9775E1D}.Debug|Any CPU.ActiveCfg = Debug|Any CPU
		{075C3169-BFC2-4C4B-AC68-C92FC9775E1D}.Debug|Any CPU.Build.0 = Debug|Any CPU
		{075C3169-BFC2-4C4B-AC68-C92FC9775E1D}.Release|Any CPU.ActiveCfg = Release|Any CPU
		{075C3169-BFC2-4C4B-AC68-C92FC9775E1D}.Release|Any CPU.Build.0 = Release|Any CPU
		{2926E355-512A-4BB8-964A-7A2ECE26EF65}.Debug|Any CPU.ActiveCfg = Debug|Any CPU
		{2926E355-512A-4BB8-964A-7A2ECE26EF65}.Debug|Any CPU.Build.0 = Debug|Any CPU
		{2926E355-512A-4BB8-964A-7A2ECE26EF65}.Release|Any CPU.ActiveCfg = Release|Any CPU
		{2926E355-512A-4BB8-964A-7A2ECE26EF65}.Release|Any CPU.Build.0 = Release|Any CPU
		{D0C4AD5A-9BB4-4E52-BC26-ED7520441E4E}.Debug|Any CPU.ActiveCfg = Debug|Any CPU
		{D0C4AD5A-9BB4-4E52-BC26-ED7520441E4E}.Debug|Any CPU.Build.0 = Debug|Any CPU
		{D0C4AD5A-9BB4-4E52-BC26-ED7520441E4E}.Release|Any CPU.ActiveCfg = Release|Any CPU
		{D0C4AD5A-9BB4-4E52-BC26-ED7520441E4E}.Release|Any CPU.Build.0 = Release|Any CPU
		{3666BF11-5FFF-4225-9B07-B3D6D0193F0F}.Debug|Any CPU.ActiveCfg = Debug|Any CPU
		{3666BF11-5FFF-4225-9B07-B3D6D0193F0F}.Debug|Any CPU.Build.0 = Debug|Any CPU
		{3666BF11-5FFF-4225-9B07-B3D6D0193F0F}.Release|Any CPU.ActiveCfg = Release|Any CPU
		{3666BF11-5FFF-4225-9B07-B3D6D0193F0F}.Release|Any CPU.Build.0 = Release|Any CPU
		{5D8B22E3-8318-4D24-84B8-D3F0D5CCB0D3}.Debug|Any CPU.ActiveCfg = Debug|Any CPU
		{5D8B22E3-8318-4D24-84B8-D3F0D5CCB0D3}.Debug|Any CPU.Build.0 = Debug|Any CPU
		{5D8B22E3-8318-4D24-84B8-D3F0D5CCB0D3}.Release|Any CPU.ActiveCfg = Release|Any CPU
		{5D8B22E3-8318-4D24-84B8-D3F0D5CCB0D3}.Release|Any CPU.Build.0 = Release|Any CPU
		{32683873-D687-4F29-ADBF-081206395D90}.Debug|Any CPU.ActiveCfg = Debug|Any CPU
		{32683873-D687-4F29-ADBF-081206395D90}.Debug|Any CPU.Build.0 = Debug|Any CPU
		{32683873-D687-4F29-ADBF-081206395D90}.Release|Any CPU.ActiveCfg = Release|Any CPU
		{32683873-D687-4F29-ADBF-081206395D90}.Release|Any CPU.Build.0 = Release|Any CPU
		{935D9368-E9A8-4005-A7FD-D24D3D331C5E}.Debug|Any CPU.ActiveCfg = Debug|Any CPU
		{935D9368-E9A8-4005-A7FD-D24D3D331C5E}.Debug|Any CPU.Build.0 = Debug|Any CPU
		{935D9368-E9A8-4005-A7FD-D24D3D331C5E}.Release|Any CPU.ActiveCfg = Release|Any CPU
		{935D9368-E9A8-4005-A7FD-D24D3D331C5E}.Release|Any CPU.Build.0 = Release|Any CPU
		{E69B947A-8580-4C06-A541-FDEC6C17BC45}.Debug|Any CPU.ActiveCfg = Debug|Any CPU
		{E69B947A-8580-4C06-A541-FDEC6C17BC45}.Debug|Any CPU.Build.0 = Debug|Any CPU
		{E69B947A-8580-4C06-A541-FDEC6C17BC45}.Release|Any CPU.ActiveCfg = Release|Any CPU
		{E69B947A-8580-4C06-A541-FDEC6C17BC45}.Release|Any CPU.Build.0 = Release|Any CPU
	EndGlobalSection
EndGlobal
