
Microsoft Visual Studio Solution File, Format Version 12.00
Project("{FAE04EC0-301F-11D3-BF4B-00C04F79EFBC}") = "CSharpEducation.Practice3", "CSharpEducation.Practice3.csproj", "{D46FDC15-B606-4A3D-B4D0-8427AC84C7AC}"
EndProject
Project("{FAE04EC0-301F-11D3-BF4B-00C04F79EFBC}") = "Task1", "Task1\Task1.csproj", "{108C3AA5-84BF-4F05-8683-2E4DD97BDCDE}"
EndProject
Global
	GlobalSection(SolutionConfigurationPlatforms) = preSolution
		Debug|Any CPU = Debug|Any CPU
		Release|Any CPU = Release|Any CPU
	EndGlobalSection
	GlobalSection(ProjectConfigurationPlatforms) = postSolution
		{D46FDC15-B606-4A3D-B4D0-8427AC84C7AC}.Debug|Any CPU.ActiveCfg = Debug|Any CPU
		{D46FDC15-B606-4A3D-B4D0-8427AC84C7AC}.Debug|Any CPU.Build.0 = Debug|Any CPU
		{D46FDC15-B606-4A3D-B4D0-8427AC84C7AC}.Release|Any CPU.ActiveCfg = Release|Any CPU
		{D46FDC15-B606-4A3D-B4D0-8427AC84C7AC}.Release|Any CPU.Build.0 = Release|Any CPU
		{108C3AA5-84BF-4F05-8683-2E4DD97BDCDE}.Debug|Any CPU.ActiveCfg = Debug|Any CPU
		{108C3AA5-84BF-4F05-8683-2E4DD97BDCDE}.Debug|Any CPU.Build.0 = Debug|Any CPU
		{108C3AA5-84BF-4F05-8683-2E4DD97BDCDE}.Release|Any CPU.ActiveCfg = Release|Any CPU
		{108C3AA5-84BF-4F05-8683-2E4DD97BDCDE}.Release|Any CPU.Build.0 = Release|Any CPU
	EndGlobalSection
EndGlobal
